// !$*UTF8*$!
{
	archiveVersion = 1;
	classes = {
	};
	objectVersion = 46;
	objects = {
/* Begin PBXBuildFile section */
		0207DA581B56EA530066E2B4 /* Images.xcassets in Resources */ = {isa = PBXBuildFile; fileRef = 0207DA571B56EA530066E2B4 /* Images.xcassets */; };
		0A876941C8A74FC2B8AD2795 /* CDVLocalFilesystem.m in Sources */ = {isa = PBXBuildFile; fileRef = 262A0D6B942843238CEA86E9 /* CDVLocalFilesystem.m */; };
		0AA798AF8E574AC1936FA778 /* CDVLocation.m in Sources */ = {isa = PBXBuildFile; fileRef = 2107E7FD4569478DB5EA42A2 /* CDVLocation.m */; };
		0E29646AED164554AFE77925 /* UIImage+PECrop.m in Sources */ = {isa = PBXBuildFile; fileRef = BB6DC53C0F344016B708C31E /* UIImage+PECrop.m */; };
		1D3623260D0F684500981E51 /* AppDelegate.m in Sources */ = {isa = PBXBuildFile; fileRef = 1D3623250D0F684500981E51 /* AppDelegate.m */; };
		1D60589B0D05DD56006BFB54 /* main.m in Sources */ = {isa = PBXBuildFile; fileRef = 29B97316FDCFA39411CA2CEA /* main.m */; };
		216C9E4DA9CA48939A06BE88 /* WebKit.framework in Frameworks */ = {isa = PBXBuildFile; fileRef = 86A136DEEAFF430B9CAA867F /* WebKit.framework */; settings = {ATTRIBUTES = (Weak, ); }; };
		2DD32144378E493B9E58AC36 /* CDVWKWebViewEngine.m in Sources */ = {isa = PBXBuildFile; fileRef = F3092E4F2B3044488168571A /* CDVWKWebViewEngine.m */; };
		301BF552109A68D80062928A /* libCordova.a in Frameworks */ = {isa = PBXBuildFile; fileRef = 301BF535109A57CC0062928A /* libCordova.a */; };
		302D95F114D2391D003F00A1 /* MainViewController.m in Sources */ = {isa = PBXBuildFile; fileRef = 302D95EF14D2391D003F00A1 /* MainViewController.m */; };
		302D95F214D2391D003F00A1 /* MainViewController.xib in Resources */ = {isa = PBXBuildFile; fileRef = 302D95F014D2391D003F00A1 /* MainViewController.xib */; };
		34A6FB92594B4C5AA57E898E /* CDVFile.m in Sources */ = {isa = PBXBuildFile; fileRef = F68DFC898F684113BE22E526 /* CDVFile.m */; };
		34D96C8EF48B426FA9CB9504 /* CDVCamera.m in Sources */ = {isa = PBXBuildFile; fileRef = C628460E471A4CAE8C46105B /* CDVCamera.m */; };
		3CEE9F8E51E948DB9D2EA606 /* CDVFileTransfer.m in Sources */ = {isa = PBXBuildFile; fileRef = 6E7445E19010414E8E51997D /* CDVFileTransfer.m */; };
		4375EFDF19D14BBD908734FB /* CDVSplashScreen.m in Sources */ = {isa = PBXBuildFile; fileRef = 78A3090510AE42A3BF1AC101 /* CDVSplashScreen.m */; };
		59BD27221C38468A98F2B260 /* CoreLocation.framework in Frameworks */ = {isa = PBXBuildFile; fileRef = 5EDC58D2BAAE42AF93EFB00A /* CoreLocation.framework */; };
		5D30345EDF344D3CB33CFF22 /* QuartzCore.framework in Frameworks */ = {isa = PBXBuildFile; fileRef = D8D59251CEDE49A993F7B4A0 /* QuartzCore.framework */; };
		6A5C55A0D32C4A3DBBA3EF1E /* PECropView.m in Sources */ = {isa = PBXBuildFile; fileRef = EC91487E79EC445497A315CE /* PECropView.m */; };
		6AFCC72EEFBB49A497683C45 /* PEPhotoCropEditor.bundle in Resources */ = {isa = PBXBuildFile; fileRef = E44C1E24E96B4C9EB2AF9CEC /* PEPhotoCropEditor.bundle */; };
		6AFF5BF91D6E424B00AB3073 /* CDVLaunchScreen.storyboard in Resources */ = {isa = PBXBuildFile; fileRef = 6AFF5BF81D6E424B00AB3073 /* CDVLaunchScreen.storyboard */; };
		72FD5CE8F5D8456EAF0DD853 /* CDVViewController+SplashScreen.m in Sources */ = {isa = PBXBuildFile; fileRef = 8B23F806E29242278CDC87B7 /* CDVViewController+SplashScreen.m */; };
		7FD2F535CBF1462B8412F542 /* CDVIonicKeyboard.m in Sources */ = {isa = PBXBuildFile; fileRef = 0697BF7EBBB74341BB5D9331 /* CDVIonicKeyboard.m */; };
		8154BCA7ED214C929616BB73 /* UIImage+CropScaleOrientation.m in Sources */ = {isa = PBXBuildFile; fileRef = 7002DDA7263B4525B1078645 /* UIImage+CropScaleOrientation.m */; };
		8714BC1A2329440E895C13BE /* IONAssetHandler.m in Sources */ = {isa = PBXBuildFile; fileRef = C5ABA7D5F448437CB057EEB5 /* IONAssetHandler.m */; };
		90AD2F276B9E4865B0EBA060 /* CDVStatusBar.m in Sources */ = {isa = PBXBuildFile; fileRef = 43020B06ADF4424884B38CDB /* CDVStatusBar.m */; };
		95B657C461EC4EC9AFA563F7 /* CDVJpegHeaderWriter.m in Sources */ = {isa = PBXBuildFile; fileRef = 97F2DB2F4EBD41A7B01F5BCF /* CDVJpegHeaderWriter.m */; };
		96655BB8A3704BDAABE9ED2E /* PECropRectView.m in Sources */ = {isa = PBXBuildFile; fileRef = 1DB5ABA37B9D4F10B52AAE62 /* PECropRectView.m */; };
		9C39C9BA4236401E85E2DB8E /* CDVWKProcessPoolFactory.m in Sources */ = {isa = PBXBuildFile; fileRef = E9322C22F2C34A0F8BCE51B7 /* CDVWKProcessPoolFactory.m */; };
		A160980A74654C6A9B474227 /* PECropViewController.m in Sources */ = {isa = PBXBuildFile; fileRef = CC848324D4CD4DEAA3AE0DF1 /* PECropViewController.m */; };
		AA74CFBACFDF467BACA74FC5 /* CTCrop.m in Sources */ = {isa = PBXBuildFile; fileRef = 6C132FC38F2C40EC9F1536B9 /* CTCrop.m */; };
		AA89CF80F528457BA0835257 /* PEResizeControl.m in Sources */ = {isa = PBXBuildFile; fileRef = 3EDF3811B05F49328C91B962 /* PEResizeControl.m */; };
		C3331B4843194FCC9B45F3CD /* CDVWKWebViewUIDelegate.m in Sources */ = {isa = PBXBuildFile; fileRef = 4E7E2ED125E7440EB80106BE /* CDVWKWebViewUIDelegate.m */; };
		DF68C17914094AD5BC06FEFF /* AVFoundation.framework in Frameworks */ = {isa = PBXBuildFile; fileRef = DD1ABCD7ED9C416697BC83A9 /* AVFoundation.framework */; };
		E50DD0E1FAA044EDA3DF40B8 /* ImageIO.framework in Frameworks */ = {isa = PBXBuildFile; fileRef = 60E98E3F694F464EBE657B81 /* ImageIO.framework */; settings = {ATTRIBUTES = (Weak, ); }; };
		E5F14585BE184F058A8DCA7E /* CDVDevice.m in Sources */ = {isa = PBXBuildFile; fileRef = 761CE58C132B401B94E60DD2 /* CDVDevice.m */; };
		EB269A0021C84A4492853469 /* CDVAssetLibraryFilesystem.m in Sources */ = {isa = PBXBuildFile; fileRef = F145FDAB0FF443DCAB80AAE5 /* CDVAssetLibraryFilesystem.m */; };
/* End PBXBuildFile section */

/* Begin PBXContainerItemProxy section */
		301BF534109A57CC0062928A /* PBXContainerItemProxy */ = {
			isa = PBXContainerItemProxy;
			containerPortal = 301BF52D109A57CC0062928A /* CordovaLib/CordovaLib.xcodeproj */;
			proxyType = 2;
			remoteGlobalIDString = D2AAC07E0554694100DB518D;
			remoteInfo = CordovaLib;
		};
		301BF550109A68C00062928A /* PBXContainerItemProxy */ = {
			isa = PBXContainerItemProxy;
			containerPortal = 301BF52D109A57CC0062928A /* CordovaLib/CordovaLib.xcodeproj */;
			proxyType = 1;
			remoteGlobalIDString = D2AAC07D0554694100DB518D;
			remoteInfo = CordovaLib;
		};
		D4D8700A22B1782E002A7681 /* PBXContainerItemProxy */ = {
			isa = PBXContainerItemProxy;
			containerPortal = 301BF52D109A57CC0062928A /* CordovaLib/CordovaLib.xcodeproj */;
			proxyType = 2;
			remoteGlobalIDString = C0C01EB21E3911D50056E6CB;
			remoteInfo = Cordova;
		};
/* End PBXContainerItemProxy section */

/* Begin PBXFileReference section */
		00FEAE4392BB4F9C80A17229 /* CDVIonicKeyboard.h */ = {isa = PBXFileReference; explicitFileType = undefined; fileEncoding = 4; includeInIndex = 0; lastKnownFileType = sourcecode.c.h; name = CDVIonicKeyboard.h; path = "cordova-plugin-ionic-keyboard/CDVIonicKeyboard.h"; sourceTree = "<group>"; };
		01A65724452C403E9E0EDD31 /* CDVWKProcessPoolFactory.h */ = {isa = PBXFileReference; explicitFileType = undefined; fileEncoding = 4; includeInIndex = 0; lastKnownFileType = sourcecode.c.h; name = CDVWKProcessPoolFactory.h; path = "cordova-plugin-ionic-webview/CDVWKProcessPoolFactory.h"; sourceTree = "<group>"; };
		0207DA571B56EA530066E2B4 /* Images.xcassets */ = {isa = PBXFileReference; lastKnownFileType = folder.assetcatalog; name = Images.xcassets; path = "el.estor.mobile-app/Images.xcassets"; sourceTree = SOURCE_ROOT; };
		03D3E5A5F65C4624ADECFADC /* CTCrop.h */ = {isa = PBXFileReference; explicitFileType = undefined; fileEncoding = 4; includeInIndex = 0; lastKnownFileType = sourcecode.c.h; name = CTCrop.h; path = "cordova-plugin-crop/CTCrop.h"; sourceTree = "<group>"; };
		0697BF7EBBB74341BB5D9331 /* CDVIonicKeyboard.m */ = {isa = PBXFileReference; explicitFileType = undefined; fileEncoding = 4; includeInIndex = 0; lastKnownFileType = sourcecode.c.objc; name = CDVIonicKeyboard.m; path = "cordova-plugin-ionic-keyboard/CDVIonicKeyboard.m"; sourceTree = "<group>"; };
		11ACC4F581E34FD283217C2B /* CDVDevice.h */ = {isa = PBXFileReference; explicitFileType = undefined; fileEncoding = 4; includeInIndex = 0; lastKnownFileType = sourcecode.c.h; name = CDVDevice.h; path = "cordova-plugin-device/CDVDevice.h"; sourceTree = "<group>"; };
		15D134616C1D4672A150AAFF /* CDVSplashScreen.h */ = {isa = PBXFileReference; explicitFileType = undefined; fileEncoding = 4; includeInIndex = 0; lastKnownFileType = sourcecode.c.h; name = CDVSplashScreen.h; path = "cordova-plugin-splashscreen/CDVSplashScreen.h"; sourceTree = "<group>"; };
		1D3623240D0F684500981E51 /* AppDelegate.h */ = {isa = PBXFileReference; fileEncoding = 4; lastKnownFileType = sourcecode.c.h; path = AppDelegate.h; sourceTree = "<group>"; };
		1D3623250D0F684500981E51 /* AppDelegate.m */ = {isa = PBXFileReference; fileEncoding = 4; lastKnownFileType = sourcecode.c.objc; path = AppDelegate.m; sourceTree = "<group>"; };
		1D6058910D05DD3D006BFB54 /* el.estor.mobile-app.app */ = {isa = PBXFileReference; explicitFileType = wrapper.application; includeInIndex = 0; path = "el.estor.mobile-app.app"; sourceTree = BUILT_PRODUCTS_DIR; };
		1DB5ABA37B9D4F10B52AAE62 /* PECropRectView.m */ = {isa = PBXFileReference; explicitFileType = undefined; fileEncoding = 4; includeInIndex = 0; lastKnownFileType = sourcecode.c.objc; name = PECropRectView.m; path = "cordova-plugin-crop/PECropRectView.m"; sourceTree = "<group>"; };
		2107E7FD4569478DB5EA42A2 /* CDVLocation.m */ = {isa = PBXFileReference; explicitFileType = undefined; fileEncoding = 4; includeInIndex = 0; lastKnownFileType = sourcecode.c.objc; name = CDVLocation.m; path = "cordova-plugin-geolocation/CDVLocation.m"; sourceTree = "<group>"; };
		262A0D6B942843238CEA86E9 /* CDVLocalFilesystem.m */ = {isa = PBXFileReference; explicitFileType = undefined; fileEncoding = 4; includeInIndex = 0; lastKnownFileType = sourcecode.c.objc; name = CDVLocalFilesystem.m; path = "cordova-plugin-file/CDVLocalFilesystem.m"; sourceTree = "<group>"; };
		29B97316FDCFA39411CA2CEA /* main.m */ = {isa = PBXFileReference; fileEncoding = 4; lastKnownFileType = sourcecode.c.objc; path = main.m; sourceTree = "<group>"; };
		2AAA59E011354EBE97FF198A /* CDVFile.h */ = {isa = PBXFileReference; explicitFileType = undefined; fileEncoding = 4; includeInIndex = 0; lastKnownFileType = sourcecode.c.h; name = CDVFile.h; path = "cordova-plugin-file/CDVFile.h"; sourceTree = "<group>"; };
		2E225523CE404C54A1E019ED /* PECropView.h */ = {isa = PBXFileReference; explicitFileType = undefined; fileEncoding = 4; includeInIndex = 0; lastKnownFileType = sourcecode.c.h; name = PECropView.h; path = "cordova-plugin-crop/PECropView.h"; sourceTree = "<group>"; };
		301BF52D109A57CC0062928A /* CordovaLib/CordovaLib.xcodeproj */ = {isa = PBXFileReference; lastKnownFileType = "wrapper.pb-project"; path = CordovaLib/CordovaLib.xcodeproj; sourceTree = "<group>"; };
		301BF56E109A69640062928A /* www */ = {isa = PBXFileReference; lastKnownFileType = folder; path = www; sourceTree = SOURCE_ROOT; };
		302D95EE14D2391D003F00A1 /* MainViewController.h */ = {isa = PBXFileReference; fileEncoding = 4; lastKnownFileType = sourcecode.c.h; path = MainViewController.h; sourceTree = "<group>"; };
		302D95EF14D2391D003F00A1 /* MainViewController.m */ = {isa = PBXFileReference; fileEncoding = 4; lastKnownFileType = sourcecode.c.objc; path = MainViewController.m; sourceTree = "<group>"; };
		302D95F014D2391D003F00A1 /* MainViewController.xib */ = {isa = PBXFileReference; fileEncoding = 4; lastKnownFileType = file.xib; path = MainViewController.xib; sourceTree = "<group>"; };
		3047A50F1AB8059700498E2A /* build-debug.xcconfig */ = {isa = PBXFileReference; fileEncoding = 4; lastKnownFileType = text.xcconfig; name = "build-debug.xcconfig"; path = "cordova/build-debug.xcconfig"; sourceTree = SOURCE_ROOT; };
		3047A5101AB8059700498E2A /* build-release.xcconfig */ = {isa = PBXFileReference; fileEncoding = 4; lastKnownFileType = text.xcconfig; name = "build-release.xcconfig"; path = "cordova/build-release.xcconfig"; sourceTree = SOURCE_ROOT; };
		3047A5111AB8059700498E2A /* build.xcconfig */ = {isa = PBXFileReference; fileEncoding = 4; lastKnownFileType = text.xcconfig; name = build.xcconfig; path = cordova/build.xcconfig; sourceTree = SOURCE_ROOT; };
		32CA4F630368D1EE00C91783 /* el.estor.mobile-app-Prefix.pch */ = {isa = PBXFileReference; fileEncoding = 4; lastKnownFileType = sourcecode.c.h; path = "el.estor.mobile-app-Prefix.pch"; sourceTree = "<group>"; };
		3D774260B3DC472C96CB37B3 /* PECropRectView.h */ = {isa = PBXFileReference; explicitFileType = undefined; fileEncoding = 4; includeInIndex = 0; lastKnownFileType = sourcecode.c.h; name = PECropRectView.h; path = "cordova-plugin-crop/PECropRectView.h"; sourceTree = "<group>"; };
		3EDF3811B05F49328C91B962 /* PEResizeControl.m */ = {isa = PBXFileReference; explicitFileType = undefined; fileEncoding = 4; includeInIndex = 0; lastKnownFileType = sourcecode.c.objc; name = PEResizeControl.m; path = "cordova-plugin-crop/PEResizeControl.m"; sourceTree = "<group>"; };
		43020B06ADF4424884B38CDB /* CDVStatusBar.m */ = {isa = PBXFileReference; explicitFileType = undefined; fileEncoding = 4; includeInIndex = 0; lastKnownFileType = sourcecode.c.objc; name = CDVStatusBar.m; path = "cordova-plugin-statusbar/CDVStatusBar.m"; sourceTree = "<group>"; };
		4E7E2ED125E7440EB80106BE /* CDVWKWebViewUIDelegate.m */ = {isa = PBXFileReference; explicitFileType = undefined; fileEncoding = 4; includeInIndex = 0; lastKnownFileType = sourcecode.c.objc; name = CDVWKWebViewUIDelegate.m; path = "cordova-plugin-ionic-webview/CDVWKWebViewUIDelegate.m"; sourceTree = "<group>"; };
		5EDC58D2BAAE42AF93EFB00A /* CoreLocation.framework */ = {isa = PBXFileReference; explicitFileType = undefined; fileEncoding = 9; includeInIndex = 0; lastKnownFileType = wrapper.framework; name = CoreLocation.framework; path = System/Library/Frameworks/CoreLocation.framework; sourceTree = SDKROOT; };
		5F998D198DCA47B6932819FB /* CDVLocation.h */ = {isa = PBXFileReference; explicitFileType = undefined; fileEncoding = 4; includeInIndex = 0; lastKnownFileType = sourcecode.c.h; name = CDVLocation.h; path = "cordova-plugin-geolocation/CDVLocation.h"; sourceTree = "<group>"; };
		60E98E3F694F464EBE657B81 /* ImageIO.framework */ = {isa = PBXFileReference; explicitFileType = undefined; fileEncoding = 9; includeInIndex = 0; lastKnownFileType = wrapper.framework; name = ImageIO.framework; path = System/Library/Frameworks/ImageIO.framework; sourceTree = SDKROOT; };
		66D582BC82D5481EAEB82DF1 /* CDVFileTransfer.h */ = {isa = PBXFileReference; explicitFileType = undefined; fileEncoding = 4; includeInIndex = 0; lastKnownFileType = sourcecode.c.h; name = CDVFileTransfer.h; path = "cordova-plugin-file-transfer/CDVFileTransfer.h"; sourceTree = "<group>"; };
		6AFF5BF81D6E424B00AB3073 /* CDVLaunchScreen.storyboard */ = {isa = PBXFileReference; fileEncoding = 4; lastKnownFileType = file.storyboard; name = CDVLaunchScreen.storyboard; path = "el.estor.mobile-app/CDVLaunchScreen.storyboard"; sourceTree = SOURCE_ROOT; };
		6BC55C085E234035B814DAC7 /* CDVWKWebViewUIDelegate.h */ = {isa = PBXFileReference; explicitFileType = undefined; fileEncoding = 4; includeInIndex = 0; lastKnownFileType = sourcecode.c.h; name = CDVWKWebViewUIDelegate.h; path = "cordova-plugin-ionic-webview/CDVWKWebViewUIDelegate.h"; sourceTree = "<group>"; };
		6C132FC38F2C40EC9F1536B9 /* CTCrop.m */ = {isa = PBXFileReference; explicitFileType = undefined; fileEncoding = 4; includeInIndex = 0; lastKnownFileType = sourcecode.c.objc; name = CTCrop.m; path = "cordova-plugin-crop/CTCrop.m"; sourceTree = "<group>"; };
		6E7445E19010414E8E51997D /* CDVFileTransfer.m */ = {isa = PBXFileReference; explicitFileType = undefined; fileEncoding = 4; includeInIndex = 0; lastKnownFileType = sourcecode.c.objc; name = CDVFileTransfer.m; path = "cordova-plugin-file-transfer/CDVFileTransfer.m"; sourceTree = "<group>"; };
		6FE6DD93B1734BA1918113D1 /* CDVAssetLibraryFilesystem.h */ = {isa = PBXFileReference; explicitFileType = undefined; fileEncoding = 4; includeInIndex = 0; lastKnownFileType = sourcecode.c.h; name = CDVAssetLibraryFilesystem.h; path = "cordova-plugin-file/CDVAssetLibraryFilesystem.h"; sourceTree = "<group>"; };
		7002DDA7263B4525B1078645 /* UIImage+CropScaleOrientation.m */ = {isa = PBXFileReference; explicitFileType = undefined; fileEncoding = 4; includeInIndex = 0; lastKnownFileType = sourcecode.c.objc; name = "UIImage+CropScaleOrientation.m"; path = "cordova-plugin-camera/UIImage+CropScaleOrientation.m"; sourceTree = "<group>"; };
		761CE58C132B401B94E60DD2 /* CDVDevice.m */ = {isa = PBXFileReference; explicitFileType = undefined; fileEncoding = 4; includeInIndex = 0; lastKnownFileType = sourcecode.c.objc; name = CDVDevice.m; path = "cordova-plugin-device/CDVDevice.m"; sourceTree = "<group>"; };
		78A3090510AE42A3BF1AC101 /* CDVSplashScreen.m */ = {isa = PBXFileReference; explicitFileType = undefined; fileEncoding = 4; includeInIndex = 0; lastKnownFileType = sourcecode.c.objc; name = CDVSplashScreen.m; path = "cordova-plugin-splashscreen/CDVSplashScreen.m"; sourceTree = "<group>"; };
		86A136DEEAFF430B9CAA867F /* WebKit.framework */ = {isa = PBXFileReference; explicitFileType = undefined; fileEncoding = 9; includeInIndex = 0; lastKnownFileType = wrapper.framework; name = WebKit.framework; path = System/Library/Frameworks/WebKit.framework; sourceTree = SDKROOT; };
		881BA9551F934084ACDAE2D4 /* PECropViewController.h */ = {isa = PBXFileReference; explicitFileType = undefined; fileEncoding = 4; includeInIndex = 0; lastKnownFileType = sourcecode.c.h; name = PECropViewController.h; path = "cordova-plugin-crop/PECropViewController.h"; sourceTree = "<group>"; };
		8B23F806E29242278CDC87B7 /* CDVViewController+SplashScreen.m */ = {isa = PBXFileReference; explicitFileType = undefined; fileEncoding = 4; includeInIndex = 0; lastKnownFileType = sourcecode.c.objc; name = "CDVViewController+SplashScreen.m"; path = "cordova-plugin-splashscreen/CDVViewController+SplashScreen.m"; sourceTree = "<group>"; };
		8D1107310486CEB800E47090 /* el.estor.mobile-app-Info.plist */ = {isa = PBXFileReference; fileEncoding = 4; lastKnownFileType = text.plist.xml; name = "el.estor.mobile-app-Info.plist"; path = "el.estor.mobile-app/el.estor.mobile-app-Info.plist"; plistStructureDefinitionIdentifier = "com.apple.xcode.plist.structure-definition.iphone.info-plist"; sourceTree = SOURCE_ROOT; };
		97F2DB2F4EBD41A7B01F5BCF /* CDVJpegHeaderWriter.m */ = {isa = PBXFileReference; explicitFileType = undefined; fileEncoding = 4; includeInIndex = 0; lastKnownFileType = sourcecode.c.objc; name = CDVJpegHeaderWriter.m; path = "cordova-plugin-camera/CDVJpegHeaderWriter.m"; sourceTree = "<group>"; };
		9EB168B3BE274B1D9D9A9E44 /* CDVStatusBar.h */ = {isa = PBXFileReference; explicitFileType = undefined; fileEncoding = 4; includeInIndex = 0; lastKnownFileType = sourcecode.c.h; name = CDVStatusBar.h; path = "cordova-plugin-statusbar/CDVStatusBar.h"; sourceTree = "<group>"; };
		A8C90E5DF6924E5795FE03A6 /* UIImage+PECrop.h */ = {isa = PBXFileReference; explicitFileType = undefined; fileEncoding = 4; includeInIndex = 0; lastKnownFileType = sourcecode.c.h; name = "UIImage+PECrop.h"; path = "cordova-plugin-crop/UIImage+PECrop.h"; sourceTree = "<group>"; };
		AE9E09515742427CBB43B8C5 /* CDVExif.h */ = {isa = PBXFileReference; explicitFileType = undefined; fileEncoding = 4; includeInIndex = 0; lastKnownFileType = sourcecode.c.h; name = CDVExif.h; path = "cordova-plugin-camera/CDVExif.h"; sourceTree = "<group>"; };
		BB6DC53C0F344016B708C31E /* UIImage+PECrop.m */ = {isa = PBXFileReference; explicitFileType = undefined; fileEncoding = 4; includeInIndex = 0; lastKnownFileType = sourcecode.c.objc; name = "UIImage+PECrop.m"; path = "cordova-plugin-crop/UIImage+PECrop.m"; sourceTree = "<group>"; };
		C002422C6AD14B90A5448683 /* IONAssetHandler.h */ = {isa = PBXFileReference; explicitFileType = undefined; fileEncoding = 4; includeInIndex = 0; lastKnownFileType = sourcecode.c.h; name = IONAssetHandler.h; path = "cordova-plugin-ionic-webview/IONAssetHandler.h"; sourceTree = "<group>"; };
		C5ABA7D5F448437CB057EEB5 /* IONAssetHandler.m */ = {isa = PBXFileReference; explicitFileType = undefined; fileEncoding = 4; includeInIndex = 0; lastKnownFileType = sourcecode.c.objc; name = IONAssetHandler.m; path = "cordova-plugin-ionic-webview/IONAssetHandler.m"; sourceTree = "<group>"; };
		C628460E471A4CAE8C46105B /* CDVCamera.m */ = {isa = PBXFileReference; explicitFileType = undefined; fileEncoding = 4; includeInIndex = 0; lastKnownFileType = sourcecode.c.objc; name = CDVCamera.m; path = "cordova-plugin-camera/CDVCamera.m"; sourceTree = "<group>"; };
		CC848324D4CD4DEAA3AE0DF1 /* PECropViewController.m */ = {isa = PBXFileReference; explicitFileType = undefined; fileEncoding = 4; includeInIndex = 0; lastKnownFileType = sourcecode.c.objc; name = PECropViewController.m; path = "cordova-plugin-crop/PECropViewController.m"; sourceTree = "<group>"; };
		CFF933771D514DAE8ECE9799 /* CDVLocalFilesystem.h */ = {isa = PBXFileReference; explicitFileType = undefined; fileEncoding = 4; includeInIndex = 0; lastKnownFileType = sourcecode.c.h; name = CDVLocalFilesystem.h; path = "cordova-plugin-file/CDVLocalFilesystem.h"; sourceTree = "<group>"; };
		D43B62046C244D4F8114CF70 /* CDVViewController+SplashScreen.h */ = {isa = PBXFileReference; explicitFileType = undefined; fileEncoding = 4; includeInIndex = 0; lastKnownFileType = sourcecode.c.h; name = "CDVViewController+SplashScreen.h"; path = "cordova-plugin-splashscreen/CDVViewController+SplashScreen.h"; sourceTree = "<group>"; };
		D8D59251CEDE49A993F7B4A0 /* QuartzCore.framework */ = {isa = PBXFileReference; explicitFileType = undefined; fileEncoding = 9; includeInIndex = 0; lastKnownFileType = wrapper.framework; name = QuartzCore.framework; path = System/Library/Frameworks/QuartzCore.framework; sourceTree = SDKROOT; };
		D995CF7492A141A58320A5A9 /* CDVWKWebViewEngine.h */ = {isa = PBXFileReference; explicitFileType = undefined; fileEncoding = 4; includeInIndex = 0; lastKnownFileType = sourcecode.c.h; name = CDVWKWebViewEngine.h; path = "cordova-plugin-ionic-webview/CDVWKWebViewEngine.h"; sourceTree = "<group>"; };
		DD1ABCD7ED9C416697BC83A9 /* AVFoundation.framework */ = {isa = PBXFileReference; explicitFileType = undefined; fileEncoding = 9; includeInIndex = 0; lastKnownFileType = wrapper.framework; name = AVFoundation.framework; path = System/Library/Frameworks/AVFoundation.framework; sourceTree = SDKROOT; };
		E44C1E24E96B4C9EB2AF9CEC /* PEPhotoCropEditor.bundle */ = {isa = PBXFileReference; explicitFileType = undefined; fileEncoding = 9; includeInIndex = 0; lastKnownFileType = "wrapper.plug-in"; path = PEPhotoCropEditor.bundle; sourceTree = "<group>"; };
		E49C85C85D7B42A0A885896E /* PEResizeControl.h */ = {isa = PBXFileReference; explicitFileType = undefined; fileEncoding = 4; includeInIndex = 0; lastKnownFileType = sourcecode.c.h; name = PEResizeControl.h; path = "cordova-plugin-crop/PEResizeControl.h"; sourceTree = "<group>"; };
		E9322C22F2C34A0F8BCE51B7 /* CDVWKProcessPoolFactory.m */ = {isa = PBXFileReference; explicitFileType = undefined; fileEncoding = 4; includeInIndex = 0; lastKnownFileType = sourcecode.c.objc; name = CDVWKProcessPoolFactory.m; path = "cordova-plugin-ionic-webview/CDVWKProcessPoolFactory.m"; sourceTree = "<group>"; };
		EB87FDF31871DA8E0020F90C /* www */ = {isa = PBXFileReference; lastKnownFileType = folder; name = www; path = ../../www; sourceTree = "<group>"; };
		EB87FDF41871DAF40020F90C /* config.xml */ = {isa = PBXFileReference; lastKnownFileType = text.xml; name = config.xml; path = ../../config.xml; sourceTree = "<group>"; };
		EC91487E79EC445497A315CE /* PECropView.m */ = {isa = PBXFileReference; explicitFileType = undefined; fileEncoding = 4; includeInIndex = 0; lastKnownFileType = sourcecode.c.objc; name = PECropView.m; path = "cordova-plugin-crop/PECropView.m"; sourceTree = "<group>"; };
		ED33DF2A687741AEAF9F8254 /* Bridging-Header.h */ = {isa = PBXFileReference; fileEncoding = 4; lastKnownFileType = sourcecode.c.h; path = "Bridging-Header.h"; sourceTree = "<group>"; };
		F145FDAB0FF443DCAB80AAE5 /* CDVAssetLibraryFilesystem.m */ = {isa = PBXFileReference; explicitFileType = undefined; fileEncoding = 4; includeInIndex = 0; lastKnownFileType = sourcecode.c.objc; name = CDVAssetLibraryFilesystem.m; path = "cordova-plugin-file/CDVAssetLibraryFilesystem.m"; sourceTree = "<group>"; };
		F280FFE1A295401E9B3AC827 /* UIImage+CropScaleOrientation.h */ = {isa = PBXFileReference; explicitFileType = undefined; fileEncoding = 4; includeInIndex = 0; lastKnownFileType = sourcecode.c.h; name = "UIImage+CropScaleOrientation.h"; path = "cordova-plugin-camera/UIImage+CropScaleOrientation.h"; sourceTree = "<group>"; };
		F2FFD061129F4195879E1971 /* CDVCamera.h */ = {isa = PBXFileReference; explicitFileType = undefined; fileEncoding = 4; includeInIndex = 0; lastKnownFileType = sourcecode.c.h; name = CDVCamera.h; path = "cordova-plugin-camera/CDVCamera.h"; sourceTree = "<group>"; };
		F3092E4F2B3044488168571A /* CDVWKWebViewEngine.m */ = {isa = PBXFileReference; explicitFileType = undefined; fileEncoding = 4; includeInIndex = 0; lastKnownFileType = sourcecode.c.objc; name = CDVWKWebViewEngine.m; path = "cordova-plugin-ionic-webview/CDVWKWebViewEngine.m"; sourceTree = "<group>"; };
		F68DFC898F684113BE22E526 /* CDVFile.m */ = {isa = PBXFileReference; explicitFileType = undefined; fileEncoding = 4; includeInIndex = 0; lastKnownFileType = sourcecode.c.objc; name = CDVFile.m; path = "cordova-plugin-file/CDVFile.m"; sourceTree = "<group>"; };
		F840E1F0165FE0F500CFE078 /* config.xml */ = {isa = PBXFileReference; lastKnownFileType = text.xml; name = config.xml; path = "el.estor.mobile-app/config.xml"; sourceTree = "<group>"; };
		F95833A9BED949D2BC7513FB /* CDVJpegHeaderWriter.h */ = {isa = PBXFileReference; explicitFileType = undefined; fileEncoding = 4; includeInIndex = 0; lastKnownFileType = sourcecode.c.h; name = CDVJpegHeaderWriter.h; path = "cordova-plugin-camera/CDVJpegHeaderWriter.h"; sourceTree = "<group>"; };
/* End PBXFileReference section */

/* Begin PBXFrameworksBuildPhase section */
		1D60588F0D05DD3D006BFB54 /* Frameworks */ = {
			isa = PBXFrameworksBuildPhase;
			buildActionMask = 2147483647;
			files = (
				301BF552109A68D80062928A /* libCordova.a in Frameworks */,
				E50DD0E1FAA044EDA3DF40B8 /* ImageIO.framework in Frameworks */,
				59BD27221C38468A98F2B260 /* CoreLocation.framework in Frameworks */,
				DF68C17914094AD5BC06FEFF /* AVFoundation.framework in Frameworks */,
				5D30345EDF344D3CB33CFF22 /* QuartzCore.framework in Frameworks */,
				216C9E4DA9CA48939A06BE88 /* WebKit.framework in Frameworks */,
			);
			runOnlyForDeploymentPostprocessing = 0;
		};
/* End PBXFrameworksBuildPhase section */

/* Begin PBXGroup section */
		080E96DDFE201D6D7F000001 /* Classes */ = {
			isa = PBXGroup;
			children = (
				302D95EE14D2391D003F00A1 /* MainViewController.h */,
				302D95EF14D2391D003F00A1 /* MainViewController.m */,
				302D95F014D2391D003F00A1 /* MainViewController.xib */,
				1D3623240D0F684500981E51 /* AppDelegate.h */,
				1D3623250D0F684500981E51 /* AppDelegate.m */,
			);
			name = Classes;
			path = "el.estor.mobile-app/Classes";
			sourceTree = SOURCE_ROOT;
		};
		19C28FACFE9D520D11CA2CBB /* Products */ = {
			isa = PBXGroup;
			children = (
				1D6058910D05DD3D006BFB54 /* el.estor.mobile-app.app */,
			);
			name = Products;
			sourceTree = "<group>";
		};
		29B97314FDCFA39411CA2CEA /* CustomTemplate */ = {
			isa = PBXGroup;
			children = (
				EB87FDF41871DAF40020F90C /* config.xml */,
				EB87FDF31871DA8E0020F90C /* www */,
				EB87FDF11871DA420020F90C /* Staging */,
				301BF52D109A57CC0062928A /* CordovaLib/CordovaLib.xcodeproj */,
				080E96DDFE201D6D7F000001 /* Classes */,
				307C750510C5A3420062BCA9 /* Plugins */,
				29B97315FDCFA39411CA2CEA /* Other Sources */,
				29B97317FDCFA39411CA2CEA /* Resources */,
				29B97323FDCFA39411CA2CEA /* Frameworks */,
				19C28FACFE9D520D11CA2CBB /* Products */,
			);
			name = CustomTemplate;
			sourceTree = "<group>";
		};
		29B97315FDCFA39411CA2CEA /* Other Sources */ = {
			isa = PBXGroup;
			children = (
				32CA4F630368D1EE00C91783 /* el.estor.mobile-app-Prefix.pch */,
				29B97316FDCFA39411CA2CEA /* main.m */,
				ED33DF2A687741AEAF9F8254 /* Bridging-Header.h */,
			);
			name = "Other Sources";
			path = "el.estor.mobile-app";
			sourceTree = "<group>";
		};
		29B97317FDCFA39411CA2CEA /* Resources */ = {
			isa = PBXGroup;
			children = (
				0207DA571B56EA530066E2B4 /* Images.xcassets */,
				3047A50E1AB8057F00498E2A /* config */,
				8D1107310486CEB800E47090 /* el.estor.mobile-app-Info.plist */,
				6AFF5BF81D6E424B00AB3073 /* CDVLaunchScreen.storyboard */,
				E44C1E24E96B4C9EB2AF9CEC /* PEPhotoCropEditor.bundle */,
			);
			name = Resources;
			path = "el.estor.mobile-app/Resources";
			sourceTree = "<group>";
		};
		29B97323FDCFA39411CA2CEA /* Frameworks */ = {
			isa = PBXGroup;
			children = (
				60E98E3F694F464EBE657B81 /* ImageIO.framework */,
				5EDC58D2BAAE42AF93EFB00A /* CoreLocation.framework */,
				DD1ABCD7ED9C416697BC83A9 /* AVFoundation.framework */,
				D8D59251CEDE49A993F7B4A0 /* QuartzCore.framework */,
				86A136DEEAFF430B9CAA867F /* WebKit.framework */,
			);
			name = Frameworks;
			sourceTree = "<group>";
		};
		301BF52E109A57CC0062928A /* Products */ = {
			isa = PBXGroup;
			children = (
				301BF535109A57CC0062928A /* libCordova.a */,
				D4D8700B22B1782E002A7681 /* Cordova.framework */,
			);
			name = Products;
			sourceTree = "<group>";
		};
		3047A50E1AB8057F00498E2A /* config */ = {
			isa = PBXGroup;
			children = (
				3047A50F1AB8059700498E2A /* build-debug.xcconfig */,
				3047A5101AB8059700498E2A /* build-release.xcconfig */,
				3047A5111AB8059700498E2A /* build.xcconfig */,
			);
			name = config;
			sourceTree = "<group>";
		};
		307C750510C5A3420062BCA9 /* Plugins */ = {
			isa = PBXGroup;
			children = (
				7002DDA7263B4525B1078645 /* UIImage+CropScaleOrientation.m */,
				C628460E471A4CAE8C46105B /* CDVCamera.m */,
				97F2DB2F4EBD41A7B01F5BCF /* CDVJpegHeaderWriter.m */,
				F280FFE1A295401E9B3AC827 /* UIImage+CropScaleOrientation.h */,
				F2FFD061129F4195879E1971 /* CDVCamera.h */,
				F95833A9BED949D2BC7513FB /* CDVJpegHeaderWriter.h */,
				AE9E09515742427CBB43B8C5 /* CDVExif.h */,
				6C132FC38F2C40EC9F1536B9 /* CTCrop.m */,
				1DB5ABA37B9D4F10B52AAE62 /* PECropRectView.m */,
				EC91487E79EC445497A315CE /* PECropView.m */,
				CC848324D4CD4DEAA3AE0DF1 /* PECropViewController.m */,
				3EDF3811B05F49328C91B962 /* PEResizeControl.m */,
				BB6DC53C0F344016B708C31E /* UIImage+PECrop.m */,
				03D3E5A5F65C4624ADECFADC /* CTCrop.h */,
				3D774260B3DC472C96CB37B3 /* PECropRectView.h */,
				2E225523CE404C54A1E019ED /* PECropView.h */,
				881BA9551F934084ACDAE2D4 /* PECropViewController.h */,
				E49C85C85D7B42A0A885896E /* PEResizeControl.h */,
				A8C90E5DF6924E5795FE03A6 /* UIImage+PECrop.h */,
				761CE58C132B401B94E60DD2 /* CDVDevice.m */,
				11ACC4F581E34FD283217C2B /* CDVDevice.h */,
				F68DFC898F684113BE22E526 /* CDVFile.m */,
				262A0D6B942843238CEA86E9 /* CDVLocalFilesystem.m */,
				F145FDAB0FF443DCAB80AAE5 /* CDVAssetLibraryFilesystem.m */,
				2AAA59E011354EBE97FF198A /* CDVFile.h */,
				CFF933771D514DAE8ECE9799 /* CDVLocalFilesystem.h */,
				6FE6DD93B1734BA1918113D1 /* CDVAssetLibraryFilesystem.h */,
				6E7445E19010414E8E51997D /* CDVFileTransfer.m */,
				66D582BC82D5481EAEB82DF1 /* CDVFileTransfer.h */,
				2107E7FD4569478DB5EA42A2 /* CDVLocation.m */,
				5F998D198DCA47B6932819FB /* CDVLocation.h */,
				0697BF7EBBB74341BB5D9331 /* CDVIonicKeyboard.m */,
				00FEAE4392BB4F9C80A17229 /* CDVIonicKeyboard.h */,
				F3092E4F2B3044488168571A /* CDVWKWebViewEngine.m */,
				4E7E2ED125E7440EB80106BE /* CDVWKWebViewUIDelegate.m */,
				E9322C22F2C34A0F8BCE51B7 /* CDVWKProcessPoolFactory.m */,
				C5ABA7D5F448437CB057EEB5 /* IONAssetHandler.m */,
				D995CF7492A141A58320A5A9 /* CDVWKWebViewEngine.h */,
				6BC55C085E234035B814DAC7 /* CDVWKWebViewUIDelegate.h */,
				01A65724452C403E9E0EDD31 /* CDVWKProcessPoolFactory.h */,
				C002422C6AD14B90A5448683 /* IONAssetHandler.h */,
				78A3090510AE42A3BF1AC101 /* CDVSplashScreen.m */,
				8B23F806E29242278CDC87B7 /* CDVViewController+SplashScreen.m */,
				15D134616C1D4672A150AAFF /* CDVSplashScreen.h */,
				D43B62046C244D4F8114CF70 /* CDVViewController+SplashScreen.h */,
				43020B06ADF4424884B38CDB /* CDVStatusBar.m */,
				9EB168B3BE274B1D9D9A9E44 /* CDVStatusBar.h */,
			);
			name = Plugins;
			path = "el.estor.mobile-app/Plugins";
			sourceTree = SOURCE_ROOT;
		};
		EB87FDF11871DA420020F90C /* Staging */ = {
			isa = PBXGroup;
			children = (
				F840E1F0165FE0F500CFE078 /* config.xml */,
				301BF56E109A69640062928A /* www */,
			);
			name = Staging;
			sourceTree = "<group>";
		};
/* End PBXGroup section */

/* Begin PBXNativeTarget section */
		1D6058900D05DD3D006BFB54 /* el.estor.mobile-app */ = {
			isa = PBXNativeTarget;
			buildConfigurationList = 1D6058960D05DD3E006BFB54 /* Build configuration list for PBXNativeTarget "el.estor.mobile-app" */;
			buildPhases = (
				304B58A110DAC018002A0835 /* Copy www directory */,
				1D60588D0D05DD3D006BFB54 /* Resources */,
				1D60588E0D05DD3D006BFB54 /* Sources */,
				1D60588F0D05DD3D006BFB54 /* Frameworks */,
			);
			buildRules = (
			);
			dependencies = (
				301BF551109A68C00062928A /* PBXTargetDependency */,
			);
			name = "el.estor.mobile-app";
			productName = "el.estor.mobile-app";
			productReference = 1D6058910D05DD3D006BFB54 /* el.estor.mobile-app.app */;
			productType = "com.apple.product-type.application";
		};
/* End PBXNativeTarget section */

/* Begin PBXProject section */
		29B97313FDCFA39411CA2CEA /* Project object */ = {
			isa = PBXProject;
			attributes = {
				LastUpgradeCheck = 510;
				TargetAttributes = {
					1D6058900D05DD3D006BFB54 = {
						DevelopmentTeam = 4HQX55D2RD;
					};
				};
			};
			buildConfigurationList = C01FCF4E08A954540054247B /* Build configuration list for PBXProject "el.estor.mobile-app" */;
			compatibilityVersion = "Xcode 3.2";
			developmentRegion = English;
			hasScannedForEncodings = 1;
			knownRegions = (
				en,
			);
			mainGroup = 29B97314FDCFA39411CA2CEA /* CustomTemplate */;
			projectDirPath = "";
			projectReferences = (
				{
					ProductGroup = 301BF52E109A57CC0062928A /* Products */;
					ProjectRef = 301BF52D109A57CC0062928A /* CordovaLib/CordovaLib.xcodeproj */;
				},
			);
			projectRoot = "";
			targets = (
				1D6058900D05DD3D006BFB54 /* el.estor.mobile-app */,
			);
		};
/* End PBXProject section */

/* Begin PBXReferenceProxy section */
		301BF535109A57CC0062928A /* libCordova.a */ = {
			isa = PBXReferenceProxy;
			fileType = archive.ar;
			path = libCordova.a;
			remoteRef = 301BF534109A57CC0062928A /* PBXContainerItemProxy */;
			sourceTree = BUILT_PRODUCTS_DIR;
		};
		D4D8700B22B1782E002A7681 /* Cordova.framework */ = {
			isa = PBXReferenceProxy;
			fileType = wrapper.framework;
			path = Cordova.framework;
			remoteRef = D4D8700A22B1782E002A7681 /* PBXContainerItemProxy */;
			sourceTree = BUILT_PRODUCTS_DIR;
		};
/* End PBXReferenceProxy section */

/* Begin PBXResourcesBuildPhase section */
		1D60588D0D05DD3D006BFB54 /* Resources */ = {
			isa = PBXResourcesBuildPhase;
			buildActionMask = 2147483647;
			files = (
				302D95F214D2391D003F00A1 /* MainViewController.xib in Resources */,
				0207DA581B56EA530066E2B4 /* Images.xcassets in Resources */,
				6AFF5BF91D6E424B00AB3073 /* CDVLaunchScreen.storyboard in Resources */,
				6AFCC72EEFBB49A497683C45 /* PEPhotoCropEditor.bundle in Resources */,
			);
			runOnlyForDeploymentPostprocessing = 0;
		};
/* End PBXResourcesBuildPhase section */

/* Begin PBXShellScriptBuildPhase section */
		304B58A110DAC018002A0835 /* Copy www directory */ = {
			isa = PBXShellScriptBuildPhase;
			buildActionMask = 2147483647;
			files = (
			);
			inputPaths = (
			);
			name = "Copy www directory";
			outputPaths = (
			);
			runOnlyForDeploymentPostprocessing = 0;
			shellPath = /bin/sh;
			shellScript = "NODEJS_PATH=/usr/local/bin; NVM_NODE_PATH=~/.nvm/versions/node/`nvm version 2>/dev/null`/bin; N_NODE_PATH=`find /usr/local/n/versions/node/* -maxdepth 0 -type d 2>/dev/null | tail -1`/bin; XCODE_NODE_PATH=`xcode-select --print-path`/usr/share/xcs/Node/bin; PATH=$NODEJS_PATH:$NVM_NODE_PATH:$N_NODE_PATH:$XCODE_NODE_PATH:$PATH && node cordova/lib/copy-www-build-step.js";
			showEnvVarsInLog = 0;
		};
/* End PBXShellScriptBuildPhase section */

/* Begin PBXSourcesBuildPhase section */
		1D60588E0D05DD3D006BFB54 /* Sources */ = {
			isa = PBXSourcesBuildPhase;
			buildActionMask = 2147483647;
			files = (
				1D60589B0D05DD56006BFB54 /* main.m in Sources */,
				1D3623260D0F684500981E51 /* AppDelegate.m in Sources */,
				302D95F114D2391D003F00A1 /* MainViewController.m in Sources */,
				8154BCA7ED214C929616BB73 /* UIImage+CropScaleOrientation.m in Sources */,
				34D96C8EF48B426FA9CB9504 /* CDVCamera.m in Sources */,
				95B657C461EC4EC9AFA563F7 /* CDVJpegHeaderWriter.m in Sources */,
				AA74CFBACFDF467BACA74FC5 /* CTCrop.m in Sources */,
				96655BB8A3704BDAABE9ED2E /* PECropRectView.m in Sources */,
				6A5C55A0D32C4A3DBBA3EF1E /* PECropView.m in Sources */,
				A160980A74654C6A9B474227 /* PECropViewController.m in Sources */,
				AA89CF80F528457BA0835257 /* PEResizeControl.m in Sources */,
				0E29646AED164554AFE77925 /* UIImage+PECrop.m in Sources */,
				E5F14585BE184F058A8DCA7E /* CDVDevice.m in Sources */,
				34A6FB92594B4C5AA57E898E /* CDVFile.m in Sources */,
				0A876941C8A74FC2B8AD2795 /* CDVLocalFilesystem.m in Sources */,
				EB269A0021C84A4492853469 /* CDVAssetLibraryFilesystem.m in Sources */,
				3CEE9F8E51E948DB9D2EA606 /* CDVFileTransfer.m in Sources */,
				0AA798AF8E574AC1936FA778 /* CDVLocation.m in Sources */,
				7FD2F535CBF1462B8412F542 /* CDVIonicKeyboard.m in Sources */,
				2DD32144378E493B9E58AC36 /* CDVWKWebViewEngine.m in Sources */,
				C3331B4843194FCC9B45F3CD /* CDVWKWebViewUIDelegate.m in Sources */,
				9C39C9BA4236401E85E2DB8E /* CDVWKProcessPoolFactory.m in Sources */,
				8714BC1A2329440E895C13BE /* IONAssetHandler.m in Sources */,
				4375EFDF19D14BBD908734FB /* CDVSplashScreen.m in Sources */,
				72FD5CE8F5D8456EAF0DD853 /* CDVViewController+SplashScreen.m in Sources */,
				90AD2F276B9E4865B0EBA060 /* CDVStatusBar.m in Sources */,
			);
			runOnlyForDeploymentPostprocessing = 0;
		};
/* End PBXSourcesBuildPhase section */

/* Begin PBXTargetDependency section */
		301BF551109A68C00062928A /* PBXTargetDependency */ = {
			isa = PBXTargetDependency;
			name = CordovaLib;
			targetProxy = 301BF550109A68C00062928A /* PBXContainerItemProxy */;
		};
/* End PBXTargetDependency section */

/* Begin XCBuildConfiguration section */
		1D6058940D05DD3E006BFB54 /* Debug */ = {
			isa = XCBuildConfiguration;
			baseConfigurationReference = 3047A50F1AB8059700498E2A /* build-debug.xcconfig */;
			buildSettings = {
				ALWAYS_SEARCH_USER_PATHS = NO;
				ASSETCATALOG_COMPILER_APPICON_NAME = AppIcon;
				ASSETCATALOG_COMPILER_LAUNCHIMAGE_NAME = LaunchImage;
				CLANG_ENABLE_MODULES = YES;
				CLANG_ENABLE_OBJC_ARC = YES;
				COPY_PHASE_STRIP = NO;
				DEVELOPMENT_TEAM = 4HQX55D2RD;
				GCC_DYNAMIC_NO_PIC = NO;
				GCC_OPTIMIZATION_LEVEL = 0;
				GCC_PRECOMPILE_PREFIX_HEADER = YES;
				GCC_PREFIX_HEADER = "el.estor.mobile-app/el.estor.mobile-app-Prefix.pch";
				GCC_THUMB_SUPPORT = NO;
				GCC_VERSION = "";
				INFOPLIST_FILE = "el.estor.mobile-app/el.estor.mobile-app-Info.plist";
				IPHONEOS_DEPLOYMENT_TARGET = 11.0;
				LD_RUNPATH_SEARCH_PATHS = "@executable_path/Frameworks";
				PRODUCT_NAME = "el.estor.mobile-app";
				TARGETED_DEVICE_FAMILY = "1,2";
			};
			name = Debug;
		};
		1D6058950D05DD3E006BFB54 /* Release */ = {
			isa = XCBuildConfiguration;
			baseConfigurationReference = 3047A5101AB8059700498E2A /* build-release.xcconfig */;
			buildSettings = {
				ALWAYS_SEARCH_USER_PATHS = NO;
				ASSETCATALOG_COMPILER_APPICON_NAME = AppIcon;
				ASSETCATALOG_COMPILER_LAUNCHIMAGE_NAME = LaunchImage;
				CLANG_ENABLE_MODULES = YES;
				CLANG_ENABLE_OBJC_ARC = YES;
				COPY_PHASE_STRIP = YES;
				DEVELOPMENT_TEAM = 4HQX55D2RD;
				GCC_PRECOMPILE_PREFIX_HEADER = YES;
				GCC_PREFIX_HEADER = "el.estor.mobile-app/el.estor.mobile-app-Prefix.pch";
				GCC_THUMB_SUPPORT = NO;
				GCC_VERSION = "";
				INFOPLIST_FILE = "el.estor.mobile-app/el.estor.mobile-app-Info.plist";
				IPHONEOS_DEPLOYMENT_TARGET = 11.0;
				LD_RUNPATH_SEARCH_PATHS = "@executable_path/Frameworks";
				PRODUCT_NAME = "el.estor.mobile-app";
				TARGETED_DEVICE_FAMILY = "1,2";
			};
			name = Release;
		};
		C01FCF4F08A954540054247B /* Debug */ = {
			isa = XCBuildConfiguration;
			baseConfigurationReference = 3047A5111AB8059700498E2A /* build.xcconfig */;
			buildSettings = {
				CLANG_ENABLE_MODULES = YES;
				CLANG_ENABLE_OBJC_ARC = YES;
				CLANG_WARN_BOOL_CONVERSION = YES;
				CLANG_WARN_CONSTANT_CONVERSION = YES;
				CLANG_WARN_EMPTY_BODY = YES;
				CLANG_WARN_ENUM_CONVERSION = YES;
				CLANG_WARN_INT_CONVERSION = YES;
				CLANG_WARN__DUPLICATE_METHOD_MATCH = YES;
				GCC_C_LANGUAGE_STANDARD = c99;
				GCC_THUMB_SUPPORT = NO;
				GCC_VERSION = "";
				GCC_WARN_ABOUT_RETURN_TYPE = YES;
				GCC_WARN_UNDECLARED_SELECTOR = YES;
				GCC_WARN_UNINITIALIZED_AUTOS = YES;
				GCC_WARN_UNUSED_FUNCTION = YES;
				GCC_WARN_UNUSED_VARIABLE = YES;
				IPHONEOS_DEPLOYMENT_TARGET = 11.0;
				ONLY_ACTIVE_ARCH = YES;
				SDKROOT = iphoneos;
				SKIP_INSTALL = NO;
			};
			name = Debug;
		};
		C01FCF5008A954540054247B /* Release */ = {
			isa = XCBuildConfiguration;
			baseConfigurationReference = 3047A5111AB8059700498E2A /* build.xcconfig */;
			buildSettings = {
				CLANG_ENABLE_MODULES = YES;
				CLANG_ENABLE_OBJC_ARC = YES;
				CLANG_WARN_BOOL_CONVERSION = YES;
				CLANG_WARN_CONSTANT_CONVERSION = YES;
				CLANG_WARN_EMPTY_BODY = YES;
				CLANG_WARN_ENUM_CONVERSION = YES;
				CLANG_WARN_INT_CONVERSION = YES;
				CLANG_WARN__DUPLICATE_METHOD_MATCH = YES;
				GCC_C_LANGUAGE_STANDARD = c99;
				GCC_THUMB_SUPPORT = NO;
				GCC_VERSION = "";
				GCC_WARN_ABOUT_RETURN_TYPE = YES;
				GCC_WARN_UNDECLARED_SELECTOR = YES;
				GCC_WARN_UNINITIALIZED_AUTOS = YES;
				GCC_WARN_UNUSED_FUNCTION = YES;
				GCC_WARN_UNUSED_VARIABLE = YES;
				IPHONEOS_DEPLOYMENT_TARGET = 11.0;
				SDKROOT = iphoneos;
				SKIP_INSTALL = NO;
			};
			name = Release;
		};
/* End XCBuildConfiguration section */

/* Begin XCConfigurationList section */
		1D6058960D05DD3E006BFB54 /* Build configuration list for PBXNativeTarget "el.estor.mobile-app" */ = {
			isa = XCConfigurationList;
			buildConfigurations = (
				1D6058940D05DD3E006BFB54 /* Debug */,
				1D6058950D05DD3E006BFB54 /* Release */,
			);
			defaultConfigurationIsVisible = 0;
			defaultConfigurationName = Release;
		};
		C01FCF4E08A954540054247B /* Build configuration list for PBXProject "el.estor.mobile-app" */ = {
			isa = XCConfigurationList;
			buildConfigurations = (
				C01FCF4F08A954540054247B /* Debug */,
				C01FCF5008A954540054247B /* Release */,
			);
			defaultConfigurationIsVisible = 0;
			defaultConfigurationName = Release;
		};
/* End XCConfigurationList section */
	};
	rootObject = 29B97313FDCFA39411CA2CEA /* Project object */;
}
